// !$*UTF8*$!
{
	archiveVersion = 1;
	classes = {
	};
	objectVersion = 50;
	objects = {

/* Begin PBXBuildFile section */
		A169987222FEBF6200F640E5 /* main.cpp in Sources */ = {isa = PBXBuildFile; fileRef = A169987122FEBF6200F640E5 /* main.cpp */; };
/* End PBXBuildFile section */

/* Begin PBXCopyFilesBuildPhase section */
		A169986C22FEBF6200F640E5 /* CopyFiles */ = {
			isa = PBXCopyFilesBuildPhase;
			buildActionMask = 2147483647;
			dstPath = /usr/share/man/man1/;
			dstSubfolderSpec = 0;
			files = (
			);
			runOnlyForDeploymentPostprocessing = 1;
		};
/* End PBXCopyFilesBuildPhase section */

/* Begin PBXFileReference section */
		A12C28932301BC2600A4554E /* 877. Stone Game.h */ = {isa = PBXFileReference; lastKnownFileType = sourcecode.c.h; path = "877. Stone Game.h"; sourceTree = "<group>"; };
		A12C289523095F3D00A4554E /* 2. Add Two Numbers.h */ = {isa = PBXFileReference; lastKnownFileType = sourcecode.c.h; path = "2. Add Two Numbers.h"; sourceTree = "<group>"; };
		A12C8ADA23411E6B000036C8 /* 1108. Defanging an IP Address.h */ = {isa = PBXFileReference; lastKnownFileType = sourcecode.c.h; path = "1108. Defanging an IP Address.h"; sourceTree = "<group>"; };
		A12C8ADC23412343000036C8 /* 938. Range Sum of BST.h */ = {isa = PBXFileReference; lastKnownFileType = sourcecode.c.h; path = "938. Range Sum of BST.h"; sourceTree = "<group>"; };
		A12C8ADD234124DC000036C8 /* DataStructures.h */ = {isa = PBXFileReference; lastKnownFileType = sourcecode.c.h; path = DataStructures.h; sourceTree = "<group>"; };
		A12C8AE223426EC5000036C8 /* 771. Jewels and Stones.h */ = {isa = PBXFileReference; lastKnownFileType = sourcecode.c.h; path = "771. Jewels and Stones.h"; sourceTree = "<group>"; };
		A12C8AE4234271E5000036C8 /* 709. To Lower Case.h */ = {isa = PBXFileReference; lastKnownFileType = sourcecode.c.h; path = "709. To Lower Case.h"; sourceTree = "<group>"; };
		A12C8AE623427645000036C8 /* 665. Non-decreasing Array.h */ = {isa = PBXFileReference; lastKnownFileType = sourcecode.c.h; path = "665. Non-decreasing Array.h"; sourceTree = "<group>"; };
		A12C8AE82344F6E7000036C8 /* 707. Design Linked List.h */ = {isa = PBXFileReference; lastKnownFileType = sourcecode.c.h; path = "707. Design Linked List.h"; sourceTree = "<group>"; };
		A12C8AEA234503CA000036C8 /* 859. Buddy Strings.h */ = {isa = PBXFileReference; lastKnownFileType = sourcecode.c.h; path = "859. Buddy Strings.h"; sourceTree = "<group>"; };
		A12C8AEC23450D98000036C8 /* 532. K-diff Pairs in an Array.h */ = {isa = PBXFileReference; lastKnownFileType = sourcecode.c.h; path = "532. K-diff Pairs in an Array.h"; sourceTree = "<group>"; };
		A12C8AEE234A55CC000036C8 /* 605. Can Place Flowers.h */ = {isa = PBXFileReference; lastKnownFileType = sourcecode.c.h; path = "605. Can Place Flowers.h"; sourceTree = "<group>"; };
		A12C8AF0234B927F000036C8 /* 581. Shortest Unsorted Continuous Subarray.h */ = {isa = PBXFileReference; lastKnownFileType = sourcecode.c.h; path = "581. Shortest Unsorted Continuous Subarray.h"; sourceTree = "<group>"; };
		A12C8AF4234BA0FF000036C8 /* 686. Repeated String Match.h */ = {isa = PBXFileReference; lastKnownFileType = sourcecode.c.h; path = "686. Repeated String Match.h"; sourceTree = "<group>"; };
		A169986E22FEBF6200F640E5 /* leetcode */ = {isa = PBXFileReference; explicitFileType = "compiled.mach-o.executable"; includeInIndex = 0; path = leetcode; sourceTree = BUILT_PRODUCTS_DIR; };
		A169987122FEBF6200F640E5 /* main.cpp */ = {isa = PBXFileReference; lastKnownFileType = sourcecode.cpp.cpp; path = main.cpp; sourceTree = "<group>"; };
		A169987A22FEC07C00F640E5 /* 1025. Divisor Game.h */ = {isa = PBXFileReference; lastKnownFileType = sourcecode.c.h; path = "1025. Divisor Game.h"; sourceTree = "<group>"; };
		A169987B22FEC18700F640E5 /* README.md */ = {isa = PBXFileReference; lastKnownFileType = net.daringfireball.markdown; path = README.md; sourceTree = "<group>"; };
		A169987F22FECD1900F640E5 /* 746. Min Cost Climbing Stairs.h */ = {isa = PBXFileReference; fileEncoding = 4; lastKnownFileType = sourcecode.c.h; path = "746. Min Cost Climbing Stairs.h"; sourceTree = "<group>"; };
		A1DD7195234CEC5B003E8052 /* 69. Sqrt(x).h */ = {isa = PBXFileReference; lastKnownFileType = sourcecode.c.h; path = "69. Sqrt(x).h"; sourceTree = "<group>"; };
		A1DD7197234CF61E003E8052 /* 633. Sum of Square Numbers.h */ = {isa = PBXFileReference; lastKnownFileType = sourcecode.c.h; path = "633. Sum of Square Numbers.h"; sourceTree = "<group>"; };
		A1DD7199234CFBF2003E8052 /* 874. Walking Robot Simulation.h */ = {isa = PBXFileReference; lastKnownFileType = sourcecode.c.h; path = "874. Walking Robot Simulation.h"; sourceTree = "<group>"; };
		A1DD71BB234F9780003E8052 /* 807. Max Increase to Keep City Skyline.h */ = {isa = PBXFileReference; lastKnownFileType = sourcecode.c.h; path = "807. Max Increase to Keep City Skyline.h"; sourceTree = "<group>"; };
		A1DD71BD2350E8CA003E8052 /* 1038. Binary Search Tree to Greater Sum Tree.h */ = {isa = PBXFileReference; lastKnownFileType = sourcecode.c.h; path = "1038. Binary Search Tree to Greater Sum Tree.h"; sourceTree = "<group>"; };
		A1DD71BF23523B75003E8052 /* 535. Encode and Decode TinyURL.h */ = {isa = PBXFileReference; lastKnownFileType = sourcecode.c.h; path = "535. Encode and Decode TinyURL.h"; sourceTree = "<group>"; };
		A1DD71C12352478F003E8052 /* 701. Insert into a Binary Search Tree.h */ = {isa = PBXFileReference; lastKnownFileType = sourcecode.c.h; path = "701. Insert into a Binary Search Tree.h"; sourceTree = "<group>"; };
		A1DD71C223524823003E8052 /* 701. Insert into a Binary Search Tree.txt */ = {isa = PBXFileReference; lastKnownFileType = text; path = "701. Insert into a Binary Search Tree.txt"; sourceTree = "<group>"; };
		A1DD71C423524B6F003E8052 /* 654. Maximum Binary Tree.h */ = {isa = PBXFileReference; lastKnownFileType = sourcecode.c.h; path = "654. Maximum Binary Tree.h"; sourceTree = "<group>"; };
		A1DD71C52352F745003E8052 /* 654. Maximum Binary Tree.txt */ = {isa = PBXFileReference; lastKnownFileType = text; path = "654. Maximum Binary Tree.txt"; sourceTree = "<group>"; };
		A1DD71C7235381D1003E8052 /* 1079. Letter Tile Possibilities.h */ = {isa = PBXFileReference; lastKnownFileType = sourcecode.c.h; path = "1079. Letter Tile Possibilities.h"; sourceTree = "<group>"; };
		A1DD71C823538C5F003E8052 /* 1079. Letter Tile Possibilities.txt */ = {isa = PBXFileReference; lastKnownFileType = text; path = "1079. Letter Tile Possibilities.txt"; sourceTree = "<group>"; };
		A1DD71CA2354DA5E003E8052 /* 1008. Construct Binary Search Tree from Preorder Traversal.h */ = {isa = PBXFileReference; lastKnownFileType = sourcecode.c.h; path = "1008. Construct Binary Search Tree from Preorder Traversal.h"; sourceTree = "<group>"; };
		A1DD71CC23561DA4003E8052 /* 950. Reveal Cards In Increasing Order.h */ = {isa = PBXFileReference; lastKnownFileType = sourcecode.c.h; path = "950. Reveal Cards In Increasing Order.h"; sourceTree = "<group>"; };
		A1DD71CE23562D6E003E8052 /* 763. Partition Labels.h */ = {isa = PBXFileReference; lastKnownFileType = sourcecode.c.h; path = "763. Partition Labels.h"; sourceTree = "<group>"; };
		A1DD71D02357781B003E8052 /* 814. Binary Tree Pruning.h */ = {isa = PBXFileReference; lastKnownFileType = sourcecode.c.h; path = "814. Binary Tree Pruning.h"; sourceTree = "<group>"; };
		A1DD71D223577CC5003E8052 /* 797. All Paths From Source to Target.h */ = {isa = PBXFileReference; lastKnownFileType = sourcecode.c.h; path = "797. All Paths From Source to Target.h"; sourceTree = "<group>"; };
		A1DD71D42358C59C003E8052 /* 890. Find and Replace Pattern.h */ = {isa = PBXFileReference; lastKnownFileType = sourcecode.c.h; path = "890. Find and Replace Pattern.h"; sourceTree = "<group>"; };
		A1DD71D62358CD89003E8052 /* 894. All Possible Full Binary Trees.h */ = {isa = PBXFileReference; lastKnownFileType = sourcecode.c.h; path = "894. All Possible Full Binary Trees.h"; sourceTree = "<group>"; };
/* End PBXFileReference section */

/* Begin PBXFrameworksBuildPhase section */
		A169986B22FEBF6200F640E5 /* Frameworks */ = {
			isa = PBXFrameworksBuildPhase;
			buildActionMask = 2147483647;
			files = (
			);
			runOnlyForDeploymentPostprocessing = 0;
		};
/* End PBXFrameworksBuildPhase section */

/* Begin PBXGroup section */
		A12C28922301BC0200A4554E /* 877. Stone Game */ = {
			isa = PBXGroup;
			children = (
				A12C28932301BC2600A4554E /* 877. Stone Game.h */,
			);
			path = "877. Stone Game";
			sourceTree = "<group>";
		};
		A12C289423095F1100A4554E /* 2. Add Two Numbers */ = {
			isa = PBXGroup;
			children = (
				A12C289523095F3D00A4554E /* 2. Add Two Numbers.h */,
			);
			path = "2. Add Two Numbers";
			sourceTree = "<group>";
		};
		A12C8AD923411E4C000036C8 /* 1108. Defanging an IP Address */ = {
			isa = PBXGroup;
			children = (
				A12C8ADA23411E6B000036C8 /* 1108. Defanging an IP Address.h */,
			);
			path = "1108. Defanging an IP Address";
			sourceTree = "<group>";
		};
		A12C8ADB23412336000036C8 /* 938. Range Sum of BST */ = {
			isa = PBXGroup;
			children = (
				A12C8ADC23412343000036C8 /* 938. Range Sum of BST.h */,
			);
			path = "938. Range Sum of BST";
			sourceTree = "<group>";
		};
		A12C8AE123426EB7000036C8 /* 771. Jewels and Stones */ = {
			isa = PBXGroup;
			children = (
				A12C8AE223426EC5000036C8 /* 771. Jewels and Stones.h */,
			);
			path = "771. Jewels and Stones";
			sourceTree = "<group>";
		};
		A12C8AE3234271DB000036C8 /* 709. To Lower Case */ = {
			isa = PBXGroup;
			children = (
				A12C8AE4234271E5000036C8 /* 709. To Lower Case.h */,
			);
			path = "709. To Lower Case";
			sourceTree = "<group>";
		};
		A12C8AE523427639000036C8 /* 665. Non-decreasing Array */ = {
			isa = PBXGroup;
			children = (
				A12C8AE623427645000036C8 /* 665. Non-decreasing Array.h */,
			);
			path = "665. Non-decreasing Array";
			sourceTree = "<group>";
		};
		A12C8AE72344F6C9000036C8 /* 707. Design Linked List */ = {
			isa = PBXGroup;
			children = (
				A12C8AE82344F6E7000036C8 /* 707. Design Linked List.h */,
			);
			path = "707. Design Linked List";
			sourceTree = "<group>";
		};
		A12C8AE9234503BC000036C8 /* 859. Buddy Strings */ = {
			isa = PBXGroup;
			children = (
				A12C8AEA234503CA000036C8 /* 859. Buddy Strings.h */,
			);
			path = "859. Buddy Strings";
			sourceTree = "<group>";
		};
		A12C8AEB23450D8C000036C8 /* 532. K-diff Pairs in an Array */ = {
			isa = PBXGroup;
			children = (
				A12C8AEC23450D98000036C8 /* 532. K-diff Pairs in an Array.h */,
			);
			path = "532. K-diff Pairs in an Array";
			sourceTree = "<group>";
		};
		A12C8AED234A55BE000036C8 /* 605. Can Place Flowers */ = {
			isa = PBXGroup;
			children = (
				A12C8AEE234A55CC000036C8 /* 605. Can Place Flowers.h */,
			);
			path = "605. Can Place Flowers";
			sourceTree = "<group>";
		};
		A12C8AEF234B9273000036C8 /* 581. Shortest Unsorted Continuous Subarray */ = {
			isa = PBXGroup;
			children = (
				A12C8AF0234B927F000036C8 /* 581. Shortest Unsorted Continuous Subarray.h */,
			);
			path = "581. Shortest Unsorted Continuous Subarray";
			sourceTree = "<group>";
		};
		A12C8AF3234BA0F6000036C8 /* 686. Repeated String Match */ = {
			isa = PBXGroup;
			children = (
				A12C8AF4234BA0FF000036C8 /* 686. Repeated String Match.h */,
			);
			path = "686. Repeated String Match";
			sourceTree = "<group>";
		};
		A169986522FEBF6200F640E5 = {
			isa = PBXGroup;
			children = (
				A169987822FEBF7300F640E5 /* alog */,
				A169987022FEBF6200F640E5 /* leetcode */,
				A169986F22FEBF6200F640E5 /* Products */,
			);
			sourceTree = "<group>";
		};
		A169986F22FEBF6200F640E5 /* Products */ = {
			isa = PBXGroup;
			children = (
				A169986E22FEBF6200F640E5 /* leetcode */,
			);
			name = Products;
			sourceTree = "<group>";
		};
		A169987022FEBF6200F640E5 /* leetcode */ = {
			isa = PBXGroup;
			children = (
				A169987122FEBF6200F640E5 /* main.cpp */,
			);
			path = leetcode;
			sourceTree = "<group>";
		};
		A169987822FEBF7300F640E5 /* alog */ = {
			isa = PBXGroup;
			children = (
				A1DD71D52358CD81003E8052 /* 894. All Possible Full Binary Trees */,
				A1DD71D32358C594003E8052 /* 890. Find and Replace Pattern */,
				A1DD71D123577CBD003E8052 /* 797. All Paths From Source to Target */,
				A1DD71CF23577810003E8052 /* 814. Binary Tree Pruning */,
				A1DD71CD23562D67003E8052 /* 763. Partition Labels */,
				A1DD71CB23561D9A003E8052 /* 950. Reveal Cards In Increasing Order */,
				A1DD71C92354DA52003E8052 /* 1008. Construct Binary Search Tree from Preorder Traversal */,
				A1DD71C6235381C6003E8052 /* 1079. Letter Tile Possibilities */,
				A1DD71C323524B61003E8052 /* 654. Maximum Binary Tree */,
				A1DD71C023524787003E8052 /* 701. Insert into a Binary Search Tree */,
				A1DD71BE23523B6B003E8052 /* 535. Encode and Decode TinyURL */,
				A1DD71BC2350E8BA003E8052 /* 1038. Binary Search Tree to Greater Sum Tree */,
				A1DD71BA234F9778003E8052 /* 807. Max Increase to Keep City Skyline */,
				A1DD7198234CFBEA003E8052 /* 874. Walking Robot Simulation */,
				A1DD7196234CF613003E8052 /* 633. Sum of Square Numbers */,
				A1DD7194234CEC50003E8052 /* 69. Sqrt(x) */,
				A12C8AF3234BA0F6000036C8 /* 686. Repeated String Match */,
				A12C8AEF234B9273000036C8 /* 581. Shortest Unsorted Continuous Subarray */,
				A12C8AED234A55BE000036C8 /* 605. Can Place Flowers */,
				A12C8AEB23450D8C000036C8 /* 532. K-diff Pairs in an Array */,
				A12C8AE9234503BC000036C8 /* 859. Buddy Strings */,
				A12C8AE72344F6C9000036C8 /* 707. Design Linked List */,
				A12C8AE523427639000036C8 /* 665. Non-decreasing Array */,
				A12C8AE3234271DB000036C8 /* 709. To Lower Case */,
				A12C8AE123426EB7000036C8 /* 771. Jewels and Stones */,
				A12C8ADB23412336000036C8 /* 938. Range Sum of BST */,
				A12C8AD923411E4C000036C8 /* 1108. Defanging an IP Address */,
				A12C289423095F1100A4554E /* 2. Add Two Numbers */,
				A12C28922301BC0200A4554E /* 877. Stone Game */,
				A169987E22FECD1900F640E5 /* 746. Min Cost Climbing Stairs */,
				A169987922FEC05000F640E5 /* 1025.Divisor Game */,
				A12C8ADD234124DC000036C8 /* DataStructures.h */,
			);
			path = alog;
			sourceTree = "<group>";
		};
		A169987922FEC05000F640E5 /* 1025.Divisor Game */ = {
			isa = PBXGroup;
			children = (
				A169987A22FEC07C00F640E5 /* 1025. Divisor Game.h */,
				A169987B22FEC18700F640E5 /* README.md */,
			);
			name = "1025.Divisor Game";
			path = "../../1025.Divisor Game";
			sourceTree = "<group>";
		};
		A169987E22FECD1900F640E5 /* 746. Min Cost Climbing Stairs */ = {
			isa = PBXGroup;
			children = (
				A169987F22FECD1900F640E5 /* 746. Min Cost Climbing Stairs.h */,
			);
			name = "746. Min Cost Climbing Stairs";
			path = "../../746. Min Cost Climbing Stairs";
			sourceTree = "<group>";
		};
		A1DD7194234CEC50003E8052 /* 69. Sqrt(x) */ = {
			isa = PBXGroup;
			children = (
				A1DD7195234CEC5B003E8052 /* 69. Sqrt(x).h */,
			);
			path = "69. Sqrt(x)";
			sourceTree = "<group>";
		};
		A1DD7196234CF613003E8052 /* 633. Sum of Square Numbers */ = {
			isa = PBXGroup;
			children = (
				A1DD7197234CF61E003E8052 /* 633. Sum of Square Numbers.h */,
			);
			path = "633. Sum of Square Numbers";
			sourceTree = "<group>";
		};
		A1DD7198234CFBEA003E8052 /* 874. Walking Robot Simulation */ = {
			isa = PBXGroup;
			children = (
				A1DD7199234CFBF2003E8052 /* 874. Walking Robot Simulation.h */,
			);
			path = "874. Walking Robot Simulation";
			sourceTree = "<group>";
		};
		A1DD71BA234F9778003E8052 /* 807. Max Increase to Keep City Skyline */ = {
			isa = PBXGroup;
			children = (
				A1DD71BB234F9780003E8052 /* 807. Max Increase to Keep City Skyline.h */,
			);
			path = "807. Max Increase to Keep City Skyline";
			sourceTree = "<group>";
		};
		A1DD71BC2350E8BA003E8052 /* 1038. Binary Search Tree to Greater Sum Tree */ = {
			isa = PBXGroup;
			children = (
				A1DD71BD2350E8CA003E8052 /* 1038. Binary Search Tree to Greater Sum Tree.h */,
			);
			path = "1038. Binary Search Tree to Greater Sum Tree";
			sourceTree = "<group>";
		};
		A1DD71BE23523B6B003E8052 /* 535. Encode and Decode TinyURL */ = {
			isa = PBXGroup;
			children = (
				A1DD71BF23523B75003E8052 /* 535. Encode and Decode TinyURL.h */,
			);
			path = "535. Encode and Decode TinyURL";
			sourceTree = "<group>";
		};
		A1DD71C023524787003E8052 /* 701. Insert into a Binary Search Tree */ = {
			isa = PBXGroup;
			children = (
				A1DD71C12352478F003E8052 /* 701. Insert into a Binary Search Tree.h */,
				A1DD71C223524823003E8052 /* 701. Insert into a Binary Search Tree.txt */,
			);
			path = "701. Insert into a Binary Search Tree";
			sourceTree = "<group>";
		};
		A1DD71C323524B61003E8052 /* 654. Maximum Binary Tree */ = {
			isa = PBXGroup;
			children = (
				A1DD71C423524B6F003E8052 /* 654. Maximum Binary Tree.h */,
				A1DD71C52352F745003E8052 /* 654. Maximum Binary Tree.txt */,
			);
			path = "654. Maximum Binary Tree";
			sourceTree = "<group>";
		};
		A1DD71C6235381C6003E8052 /* 1079. Letter Tile Possibilities */ = {
			isa = PBXGroup;
			children = (
				A1DD71C7235381D1003E8052 /* 1079. Letter Tile Possibilities.h */,
				A1DD71C823538C5F003E8052 /* 1079. Letter Tile Possibilities.txt */,
			);
			path = "1079. Letter Tile Possibilities";
			sourceTree = "<group>";
		};
		A1DD71C92354DA52003E8052 /* 1008. Construct Binary Search Tree from Preorder Traversal */ = {
			isa = PBXGroup;
			children = (
				A1DD71CA2354DA5E003E8052 /* 1008. Construct Binary Search Tree from Preorder Traversal.h */,
			);
			path = "1008. Construct Binary Search Tree from Preorder Traversal";
			sourceTree = "<group>";
		};
		A1DD71CB23561D9A003E8052 /* 950. Reveal Cards In Increasing Order */ = {
			isa = PBXGroup;
			children = (
				A1DD71CC23561DA4003E8052 /* 950. Reveal Cards In Increasing Order.h */,
			);
			path = "950. Reveal Cards In Increasing Order";
			sourceTree = "<group>";
		};
		A1DD71CD23562D67003E8052 /* 763. Partition Labels */ = {
			isa = PBXGroup;
			children = (
				A1DD71CE23562D6E003E8052 /* 763. Partition Labels.h */,
			);
			path = "763. Partition Labels";
			sourceTree = "<group>";
		};
		A1DD71CF23577810003E8052 /* 814. Binary Tree Pruning */ = {
			isa = PBXGroup;
			children = (
				A1DD71D02357781B003E8052 /* 814. Binary Tree Pruning.h */,
			);
			path = "814. Binary Tree Pruning";
			sourceTree = "<group>";
		};
		A1DD71D123577CBD003E8052 /* 797. All Paths From Source to Target */ = {
			isa = PBXGroup;
			children = (
				A1DD71D223577CC5003E8052 /* 797. All Paths From Source to Target.h */,
			);
			path = "797. All Paths From Source to Target";
			sourceTree = "<group>";
		};
		A1DD71D32358C594003E8052 /* 890. Find and Replace Pattern */ = {
			isa = PBXGroup;
			children = (
				A1DD71D42358C59C003E8052 /* 890. Find and Replace Pattern.h */,
			);
			path = "890. Find and Replace Pattern";
			sourceTree = "<group>";
		};
		A1DD71D52358CD81003E8052 /* 894. All Possible Full Binary Trees */ = {
			isa = PBXGroup;
			children = (
				A1DD71D62358CD89003E8052 /* 894. All Possible Full Binary Trees.h */,
			);
			path = "894. All Possible Full Binary Trees";
			sourceTree = "<group>";
		};
/* End PBXGroup section */

/* Begin PBXNativeTarget section */
		A169986D22FEBF6200F640E5 /* leetcode */ = {
			isa = PBXNativeTarget;
			buildConfigurationList = A169987522FEBF6200F640E5 /* Build configuration list for PBXNativeTarget "leetcode" */;
			buildPhases = (
				A169986A22FEBF6200F640E5 /* Sources */,
				A169986B22FEBF6200F640E5 /* Frameworks */,
				A169986C22FEBF6200F640E5 /* CopyFiles */,
			);
			buildRules = (
			);
			dependencies = (
			);
			name = leetcode;
			productName = leetcode;
			productReference = A169986E22FEBF6200F640E5 /* leetcode */;
			productType = "com.apple.product-type.tool";
		};
/* End PBXNativeTarget section */

/* Begin PBXProject section */
		A169986622FEBF6200F640E5 /* Project object */ = {
			isa = PBXProject;
			attributes = {
				LastUpgradeCheck = 1030;
				ORGANIZATIONNAME = Andy;
				TargetAttributes = {
					A169986D22FEBF6200F640E5 = {
						CreatedOnToolsVersion = 10.3;
					};
				};
			};
			buildConfigurationList = A169986922FEBF6200F640E5 /* Build configuration list for PBXProject "leetcode" */;
			compatibilityVersion = "Xcode 9.3";
			developmentRegion = en;
			hasScannedForEncodings = 0;
			knownRegions = (
				en,
			);
			mainGroup = A169986522FEBF6200F640E5;
			productRefGroup = A169986F22FEBF6200F640E5 /* Products */;
			projectDirPath = "";
			projectRoot = "";
			targets = (
				A169986D22FEBF6200F640E5 /* leetcode */,
			);
		};
/* End PBXProject section */

/* Begin PBXSourcesBuildPhase section */
		A169986A22FEBF6200F640E5 /* Sources */ = {
			isa = PBXSourcesBuildPhase;
			buildActionMask = 2147483647;
			files = (
				A169987222FEBF6200F640E5 /* main.cpp in Sources */,
			);
			runOnlyForDeploymentPostprocessing = 0;
		};
/* End PBXSourcesBuildPhase section */

/* Begin XCBuildConfiguration section */
		A169987322FEBF6200F640E5 /* Debug */ = {
			isa = XCBuildConfiguration;
			buildSettings = {
				ALWAYS_SEARCH_USER_PATHS = NO;
				CLANG_ANALYZER_NONNULL = YES;
				CLANG_ANALYZER_NUMBER_OBJECT_CONVERSION = YES_AGGRESSIVE;
				CLANG_CXX_LANGUAGE_STANDARD = "gnu++14";
				CLANG_CXX_LIBRARY = "libc++";
				CLANG_ENABLE_MODULES = YES;
				CLANG_ENABLE_OBJC_ARC = YES;
				CLANG_ENABLE_OBJC_WEAK = YES;
				CLANG_WARN_BLOCK_CAPTURE_AUTORELEASING = YES;
				CLANG_WARN_BOOL_CONVERSION = YES;
				CLANG_WARN_COMMA = YES;
				CLANG_WARN_CONSTANT_CONVERSION = YES;
				CLANG_WARN_DEPRECATED_OBJC_IMPLEMENTATIONS = YES;
				CLANG_WARN_DIRECT_OBJC_ISA_USAGE = YES_ERROR;
				CLANG_WARN_DOCUMENTATION_COMMENTS = YES;
				CLANG_WARN_EMPTY_BODY = YES;
				CLANG_WARN_ENUM_CONVERSION = YES;
				CLANG_WARN_INFINITE_RECURSION = YES;
				CLANG_WARN_INT_CONVERSION = YES;
				CLANG_WARN_NON_LITERAL_NULL_CONVERSION = YES;
				CLANG_WARN_OBJC_IMPLICIT_RETAIN_SELF = YES;
				CLANG_WARN_OBJC_LITERAL_CONVERSION = YES;
				CLANG_WARN_OBJC_ROOT_CLASS = YES_ERROR;
				CLANG_WARN_RANGE_LOOP_ANALYSIS = YES;
				CLANG_WARN_STRICT_PROTOTYPES = YES;
				CLANG_WARN_SUSPICIOUS_MOVE = YES;
				CLANG_WARN_UNGUARDED_AVAILABILITY = YES_AGGRESSIVE;
				CLANG_WARN_UNREACHABLE_CODE = YES;
				CLANG_WARN__DUPLICATE_METHOD_MATCH = YES;
				CODE_SIGN_IDENTITY = "Mac Developer";
				COPY_PHASE_STRIP = NO;
				DEBUG_INFORMATION_FORMAT = dwarf;
				ENABLE_STRICT_OBJC_MSGSEND = YES;
				ENABLE_TESTABILITY = YES;
				GCC_C_LANGUAGE_STANDARD = gnu11;
				GCC_DYNAMIC_NO_PIC = NO;
				GCC_NO_COMMON_BLOCKS = YES;
				GCC_OPTIMIZATION_LEVEL = 0;
				GCC_PREPROCESSOR_DEFINITIONS = (
					"DEBUG=1",
					"$(inherited)",
				);
				GCC_WARN_64_TO_32_BIT_CONVERSION = YES;
				GCC_WARN_ABOUT_RETURN_TYPE = YES_ERROR;
				GCC_WARN_UNDECLARED_SELECTOR = YES;
				GCC_WARN_UNINITIALIZED_AUTOS = YES_AGGRESSIVE;
				GCC_WARN_UNUSED_FUNCTION = YES;
				GCC_WARN_UNUSED_VARIABLE = YES;
				MACOSX_DEPLOYMENT_TARGET = 10.14;
				MTL_ENABLE_DEBUG_INFO = INCLUDE_SOURCE;
				MTL_FAST_MATH = YES;
				ONLY_ACTIVE_ARCH = YES;
				SDKROOT = macosx;
			};
			name = Debug;
		};
		A169987422FEBF6200F640E5 /* Release */ = {
			isa = XCBuildConfiguration;
			buildSettings = {
				ALWAYS_SEARCH_USER_PATHS = NO;
				CLANG_ANALYZER_NONNULL = YES;
				CLANG_ANALYZER_NUMBER_OBJECT_CONVERSION = YES_AGGRESSIVE;
				CLANG_CXX_LANGUAGE_STANDARD = "gnu++14";
				CLANG_CXX_LIBRARY = "libc++";
				CLANG_ENABLE_MODULES = YES;
				CLANG_ENABLE_OBJC_ARC = YES;
				CLANG_ENABLE_OBJC_WEAK = YES;
				CLANG_WARN_BLOCK_CAPTURE_AUTORELEASING = YES;
				CLANG_WARN_BOOL_CONVERSION = YES;
				CLANG_WARN_COMMA = YES;
				CLANG_WARN_CONSTANT_CONVERSION = YES;
				CLANG_WARN_DEPRECATED_OBJC_IMPLEMENTATIONS = YES;
				CLANG_WARN_DIRECT_OBJC_ISA_USAGE = YES_ERROR;
				CLANG_WARN_DOCUMENTATION_COMMENTS = YES;
				CLANG_WARN_EMPTY_BODY = YES;
				CLANG_WARN_ENUM_CONVERSION = YES;
				CLANG_WARN_INFINITE_RECURSION = YES;
				CLANG_WARN_INT_CONVERSION = YES;
				CLANG_WARN_NON_LITERAL_NULL_CONVERSION = YES;
				CLANG_WARN_OBJC_IMPLICIT_RETAIN_SELF = YES;
				CLANG_WARN_OBJC_LITERAL_CONVERSION = YES;
				CLANG_WARN_OBJC_ROOT_CLASS = YES_ERROR;
				CLANG_WARN_RANGE_LOOP_ANALYSIS = YES;
				CLANG_WARN_STRICT_PROTOTYPES = YES;
				CLANG_WARN_SUSPICIOUS_MOVE = YES;
				CLANG_WARN_UNGUARDED_AVAILABILITY = YES_AGGRESSIVE;
				CLANG_WARN_UNREACHABLE_CODE = YES;
				CLANG_WARN__DUPLICATE_METHOD_MATCH = YES;
				CODE_SIGN_IDENTITY = "Mac Developer";
				COPY_PHASE_STRIP = NO;
				DEBUG_INFORMATION_FORMAT = "dwarf-with-dsym";
				ENABLE_NS_ASSERTIONS = NO;
				ENABLE_STRICT_OBJC_MSGSEND = YES;
				GCC_C_LANGUAGE_STANDARD = gnu11;
				GCC_NO_COMMON_BLOCKS = YES;
				GCC_WARN_64_TO_32_BIT_CONVERSION = YES;
				GCC_WARN_ABOUT_RETURN_TYPE = YES_ERROR;
				GCC_WARN_UNDECLARED_SELECTOR = YES;
				GCC_WARN_UNINITIALIZED_AUTOS = YES_AGGRESSIVE;
				GCC_WARN_UNUSED_FUNCTION = YES;
				GCC_WARN_UNUSED_VARIABLE = YES;
				MACOSX_DEPLOYMENT_TARGET = 10.14;
				MTL_ENABLE_DEBUG_INFO = NO;
				MTL_FAST_MATH = YES;
				SDKROOT = macosx;
			};
			name = Release;
		};
		A169987622FEBF6200F640E5 /* Debug */ = {
			isa = XCBuildConfiguration;
			buildSettings = {
				CODE_SIGN_STYLE = Automatic;
				DEVELOPMENT_TEAM = 9E9C2ZNYDA;
				PRODUCT_NAME = "$(TARGET_NAME)";
			};
			name = Debug;
		};
		A169987722FEBF6200F640E5 /* Release */ = {
			isa = XCBuildConfiguration;
			buildSettings = {
				CODE_SIGN_STYLE = Automatic;
				DEVELOPMENT_TEAM = 9E9C2ZNYDA;
				PRODUCT_NAME = "$(TARGET_NAME)";
			};
			name = Release;
		};
/* End XCBuildConfiguration section */

/* Begin XCConfigurationList section */
		A169986922FEBF6200F640E5 /* Build configuration list for PBXProject "leetcode" */ = {
			isa = XCConfigurationList;
			buildConfigurations = (
				A169987322FEBF6200F640E5 /* Debug */,
				A169987422FEBF6200F640E5 /* Release */,
			);
			defaultConfigurationIsVisible = 0;
			defaultConfigurationName = Release;
		};
		A169987522FEBF6200F640E5 /* Build configuration list for PBXNativeTarget "leetcode" */ = {
			isa = XCConfigurationList;
			buildConfigurations = (
				A169987622FEBF6200F640E5 /* Debug */,
				A169987722FEBF6200F640E5 /* Release */,
			);
			defaultConfigurationIsVisible = 0;
			defaultConfigurationName = Release;
		};
/* End XCConfigurationList section */
	};
	rootObject = A169986622FEBF6200F640E5 /* Project object */;
}
